
Microsoft Visual Studio Solution File, Format Version 12.00
# Visual Studio Version 16
VisualStudioVersion = 16.0.31729.503
MinimumVisualStudioVersion = 10.0.40219.1
Project("{FAE04EC0-301F-11D3-BF4B-00C04F79EFBC}") = "ArrayExamples", "ArrayExamples\ArrayExamples.csproj", "{294A24E9-FFB4-4F91-9C4F-B06A094B217A}"
EndProject
Global
	GlobalSection(SolutionConfigurationPlatforms) = preSolution
		Debug|Any CPU = Debug|Any CPU
		Release|Any CPU = Release|Any CPU
	EndGlobalSection
	GlobalSection(ProjectConfigurationPlatforms) = postSolution
		{294A24E9-FFB4-4F91-9C4F-B06A094B217A}.Debug|Any CPU.ActiveCfg = Debug|Any CPU
		{294A24E9-FFB4-4F91-9C4F-B06A094B217A}.Debug|Any CPU.Build.0 = Debug|Any CPU
		{294A24E9-FFB4-4F91-9C4F-B06A094B217A}.Release|Any CPU.ActiveCfg = Release|Any CPU
		{294A24E9-FFB4-4F91-9C4F-B06A094B217A}.Release|Any CPU.Build.0 = Release|Any CPU
	EndGlobalSection
	GlobalSection(SolutionProperties) = preSolution
		HideSolutionNode = FALSE
	EndGlobalSection
	GlobalSection(ExtensibilityGlobals) = postSolution
		SolutionGuid = {E00C74FF-5D64-4FB0-AD83-8A72D1892D85}
	EndGlobalSection
EndGlobal
